{
  "name": "lib",
  "version": "1.0.0",
  "lockfileVersion": 2,
  "requires": true,
  "packages": {
    "": {
      "name": "lib",
      "version": "1.0.0",
      "license": "UNLICENSED",
      "devDependencies": {
        "typescript": "^4.7.0-dev.20220425"
      }
    },
    "node_modules/typescript": {
      "version": "4.7.0-dev.20220425",
      "resolved": "https://registry.npmjs.org/typescript/-/typescript-4.7.0-dev.20220425.tgz",
      "integrity": "sha512-fMwLQ7gLYOCEH+fwhUajRCDSrEu8Pu26mL6HV1yk734f+00QGcKsAJTjgAyZ79rnYqQFzjIilegksYhZ7zrJAA==",
      "dev": true,
      "bin": {
        "tsc": "bin/tsc",
        "tsserver": "bin/tsserver"
      },
      "engines": {
        "node": ">=4.2.0"
      }
    }
  },
  "dependencies": {
    "typescript": {
      "version": "4.7.0-dev.20220425",
      "resolved": "https://registry.npmjs.org/typescript/-/typescript-4.7.0-dev.20220425.tgz",
      "integrity": "sha512-fMwLQ7gLYOCEH+fwhUajRCDSrEu8Pu26mL6HV1yk734f+00QGcKsAJTjgAyZ79rnYqQFzjIilegksYhZ7zrJAA==",
      "dev": true
    }
  }
}
